
Microsoft Visual Studio Solution File, Format Version 12.00
# Visual Studio 15
VisualStudioVersion = 15.0.27428.2015
MinimumVisualStudioVersion = 10.0.40219.1
Project("{FAE04EC0-301F-11D3-BF4B-00C04F79EFBC}") = "CarRentalSOA.Core", "CarRentalSOA.Core\CarRentalSOA.Core.csproj", "{AA50C326-659D-45CE-A8C9-729E63AE5716}"
EndProject
Project("{FAE04EC0-301F-11D3-BF4B-00C04F79EFBC}") = "CarRentalSOA.Entitites", "CarRentalSOA.Entitites\CarRentalSOA.Entitites.csproj", "{87FC0579-01D8-43B7-801C-7B8C8EC6ED9C}"
EndProject
Global
	GlobalSection(SolutionConfigurationPlatforms) = preSolution
		Debug|Any CPU = Debug|Any CPU
		Release|Any CPU = Release|Any CPU
	EndGlobalSection
	GlobalSection(ProjectConfigurationPlatforms) = postSolution
		{AA50C326-659D-45CE-A8C9-729E63AE5716}.Debug|Any CPU.ActiveCfg = Debug|Any CPU
		{AA50C326-659D-45CE-A8C9-729E63AE5716}.Debug|Any CPU.Build.0 = Debug|Any CPU
		{AA50C326-659D-45CE-A8C9-729E63AE5716}.Release|Any CPU.ActiveCfg = Release|Any CPU
		{AA50C326-659D-45CE-A8C9-729E63AE5716}.Release|Any CPU.Build.0 = Release|Any CPU
		{87FC0579-01D8-43B7-801C-7B8C8EC6ED9C}.Debug|Any CPU.ActiveCfg = Debug|Any CPU
		{87FC0579-01D8-43B7-801C-7B8C8EC6ED9C}.Debug|Any CPU.Build.0 = Debug|Any CPU
		{87FC0579-01D8-43B7-801C-7B8C8EC6ED9C}.Release|Any CPU.ActiveCfg = Release|Any CPU
		{87FC0579-01D8-43B7-801C-7B8C8EC6ED9C}.Release|Any CPU.Build.0 = Release|Any CPU
	EndGlobalSection
	GlobalSection(SolutionProperties) = preSolution
		HideSolutionNode = FALSE
	EndGlobalSection
	GlobalSection(ExtensibilityGlobals) = postSolution
		SolutionGuid = {28E9A437-8397-401C-BD57-CCC6F3C3E1BB}
	EndGlobalSection
EndGlobal
